
Microsoft Visual Studio Solution File, Format Version 12.00
# Visual Studio Version 17
VisualStudioVersion = 17.3.32811.315
MinimumVisualStudioVersion = 10.0.40219.1
Project("{9A19103F-16F7-4668-BE54-9A1E7A4F7556}") = "AvaloniaXplat", "AvaloniaXplat\AvaloniaXplat.csproj", "{EBFA8512-1EA5-4D8C-B4AC-AB5B48A6D568}"
EndProject
Project("{9A19103F-16F7-4668-BE54-9A1E7A4F7556}") = "AvaloniaXplat.Desktop", "AvaloniaXplat.Desktop\AvaloniaXplat.Desktop.csproj", "{ABC31E74-02FF-46EB-B3B2-4E6AE43B456C}"
EndProject
Project("{9A19103F-16F7-4668-BE54-9A1E7A4F7556}") = "AvaloniaXplat.Android", "AvaloniaXplat.Android\AvaloniaXplat.Android.csproj", "{7AD1DAC8-7FBE-49D5-8614-7321233DB82E}"
EndProject
Project("{2150E333-8FDC-42A3-9474-1A3956D46DE8}") = "Solution Items", "Solution Items", "{3DA99C4E-89E3-4049-9C22-0A7EC60D83D8}"
	ProjectSection(SolutionItems) = preProject
		Directory.Packages.props = Directory.Packages.props
	EndProjectSection
EndProject
Project("{FAE04EC0-301F-11D3-BF4B-00C04F79EFBC}") = "AvaloniaXplat.AndroidServices", "AvaloniaXplat.AndroidServices\AvaloniaXplat.AndroidServices.csproj", "{E9947240-B268-4CD7-A9C4-6A920BE90B39}"
EndProject
Project("{FAE04EC0-301F-11D3-BF4B-00C04F79EFBC}") = "AvaloniaXplat.DesktopServices", "AvaloniaXplat.DesktopServices\AvaloniaXplat.DesktopServices.csproj", "{B793325F-4F2D-4B69-B005-598E3CE722EA}"
EndProject
Project("{FAE04EC0-301F-11D3-BF4B-00C04F79EFBC}") = "AvaloniaXplat.Shared", "AvaloniaXplat.Shared\AvaloniaXplat.Shared.csproj", "{5B4886BD-FB6F-4E22-9479-E532A2A2ABFA}"
EndProject
Global
	GlobalSection(SolutionConfigurationPlatforms) = preSolution
		Debug|Any CPU = Debug|Any CPU
		Release|Any CPU = Release|Any CPU
	EndGlobalSection
	GlobalSection(ProjectConfigurationPlatforms) = postSolution
		{EBFA8512-1EA5-4D8C-B4AC-AB5B48A6D568}.Debug|Any CPU.ActiveCfg = Debug|Any CPU
		{EBFA8512-1EA5-4D8C-B4AC-AB5B48A6D568}.Debug|Any CPU.Build.0 = Debug|Any CPU
		{EBFA8512-1EA5-4D8C-B4AC-AB5B48A6D568}.Release|Any CPU.ActiveCfg = Release|Any CPU
		{EBFA8512-1EA5-4D8C-B4AC-AB5B48A6D568}.Release|Any CPU.Build.0 = Release|Any CPU
		{ABC31E74-02FF-46EB-B3B2-4E6AE43B456C}.Debug|Any CPU.ActiveCfg = Debug|Any CPU
		{ABC31E74-02FF-46EB-B3B2-4E6AE43B456C}.Debug|Any CPU.Build.0 = Debug|Any CPU
		{ABC31E74-02FF-46EB-B3B2-4E6AE43B456C}.Release|Any CPU.ActiveCfg = Release|Any CPU
		{ABC31E74-02FF-46EB-B3B2-4E6AE43B456C}.Release|Any CPU.Build.0 = Release|Any CPU
		{7AD1DAC8-7FBE-49D5-8614-7321233DB82E}.Debug|Any CPU.ActiveCfg = Debug|Any CPU
		{7AD1DAC8-7FBE-49D5-8614-7321233DB82E}.Debug|Any CPU.Build.0 = Debug|Any CPU
		{7AD1DAC8-7FBE-49D5-8614-7321233DB82E}.Release|Any CPU.ActiveCfg = Release|Any CPU
		{7AD1DAC8-7FBE-49D5-8614-7321233DB82E}.Release|Any CPU.Build.0 = Release|Any CPU
		{E9947240-B268-4CD7-A9C4-6A920BE90B39}.Debug|Any CPU.ActiveCfg = Debug|Any CPU
		{E9947240-B268-4CD7-A9C4-6A920BE90B39}.Debug|Any CPU.Build.0 = Debug|Any CPU
		{E9947240-B268-4CD7-A9C4-6A920BE90B39}.Release|Any CPU.ActiveCfg = Release|Any CPU
		{E9947240-B268-4CD7-A9C4-6A920BE90B39}.Release|Any CPU.Build.0 = Release|Any CPU
		{B793325F-4F2D-4B69-B005-598E3CE722EA}.Debug|Any CPU.ActiveCfg = Debug|Any CPU
		{B793325F-4F2D-4B69-B005-598E3CE722EA}.Debug|Any CPU.Build.0 = Debug|Any CPU
		{B793325F-4F2D-4B69-B005-598E3CE722EA}.Release|Any CPU.ActiveCfg = Release|Any CPU
		{B793325F-4F2D-4B69-B005-598E3CE722EA}.Release|Any CPU.Build.0 = Release|Any CPU
		{5B4886BD-FB6F-4E22-9479-E532A2A2ABFA}.Debug|Any CPU.ActiveCfg = Debug|Any CPU
		{5B4886BD-FB6F-4E22-9479-E532A2A2ABFA}.Debug|Any CPU.Build.0 = Debug|Any CPU
		{5B4886BD-FB6F-4E22-9479-E532A2A2ABFA}.Release|Any CPU.ActiveCfg = Release|Any CPU
		{5B4886BD-FB6F-4E22-9479-E532A2A2ABFA}.Release|Any CPU.Build.0 = Release|Any CPU
	EndGlobalSection
	GlobalSection(SolutionProperties) = preSolution
		HideSolutionNode = FALSE
	EndGlobalSection
	GlobalSection(ExtensibilityGlobals) = postSolution
		SolutionGuid = {83CB65B8-011F-4ED7-BCD3-A6CFA935EF7E}
	EndGlobalSection
	GlobalSection(NestedProjects) = preSolution
	EndGlobalSection
EndGlobal
